
Microsoft Visual Studio Solution File, Format Version 12.00
# Visual Studio 2012
Project("{FAE04EC0-301F-11D3-BF4B-00C04F79EFBC}") = "EventStoreLite", "EventStoreLite\EventStoreLite.csproj", "{FBEEE02A-C68B-48AA-8D62-D275FD010E61}"
EndProject
Project("{FAE04EC0-301F-11D3-BF4B-00C04F79EFBC}") = "EventStoreLite.Test", "EventStoreLite.Test\EventStoreLite.Test.csproj", "{4FBA4916-6F94-4786-845D-E03ADFDF7A1C}"
EndProject
Project("{2150E333-8FDC-42A3-9474-1A3956D46DE8}") = ".nuget", ".nuget", "{52F13039-3658-43C6-818D-95EAB7AEB6B7}"
	ProjectSection(SolutionItems) = preProject
		.nuget\NuGet.Config = .nuget\NuGet.Config
		.nuget\NuGet.exe = .nuget\NuGet.exe
		.nuget\NuGet.targets = .nuget\NuGet.targets
	EndProjectSection
EndProject
Project("{FAE04EC0-301F-11D3-BF4B-00C04F79EFBC}") = "SampleDomain", "SampleDomain\SampleDomain.csproj", "{EBA87C4B-3401-4CD1-86D5-5BE747799862}"
EndProject
Project("{FAE04EC0-301F-11D3-BF4B-00C04F79EFBC}") = "App", "App\App.csproj", "{F8407B62-5425-4335-A2CA-2C1766070E3A}"
EndProject
Project("{FAE04EC0-301F-11D3-BF4B-00C04F79EFBC}") = "AccountManager", "AccountManager\AccountManager.csproj", "{B066A23A-52A9-439B-AD84-23936AB0CF0A}"
EndProject
Project("{FAE04EC0-301F-11D3-BF4B-00C04F79EFBC}") = "AccountManager.Test", "AccountManager.Test\AccountManager.Test.csproj", "{3A9677C6-8E86-48BA-BD7D-4BB9146D484A}"
EndProject
Project("{2150E333-8FDC-42A3-9474-1A3956D46DE8}") = "Build", "Build", "{93A8E238-5C7F-404E-8D7D-022111F9BA45}"
	ProjectSection(SolutionItems) = preProject
		EventStoreLite.nuspec = EventStoreLite.nuspec
	EndProjectSection
EndProject
Global
	GlobalSection(SolutionConfigurationPlatforms) = preSolution
		Debug|Any CPU = Debug|Any CPU
		Release|Any CPU = Release|Any CPU
	EndGlobalSection
	GlobalSection(ProjectConfigurationPlatforms) = postSolution
		{FBEEE02A-C68B-48AA-8D62-D275FD010E61}.Debug|Any CPU.ActiveCfg = Debug|Any CPU
		{FBEEE02A-C68B-48AA-8D62-D275FD010E61}.Debug|Any CPU.Build.0 = Debug|Any CPU
		{FBEEE02A-C68B-48AA-8D62-D275FD010E61}.Release|Any CPU.ActiveCfg = Release|Any CPU
		{FBEEE02A-C68B-48AA-8D62-D275FD010E61}.Release|Any CPU.Build.0 = Release|Any CPU
		{4FBA4916-6F94-4786-845D-E03ADFDF7A1C}.Debug|Any CPU.ActiveCfg = Debug|Any CPU
		{4FBA4916-6F94-4786-845D-E03ADFDF7A1C}.Debug|Any CPU.Build.0 = Debug|Any CPU
		{4FBA4916-6F94-4786-845D-E03ADFDF7A1C}.Release|Any CPU.ActiveCfg = Release|Any CPU
		{4FBA4916-6F94-4786-845D-E03ADFDF7A1C}.Release|Any CPU.Build.0 = Release|Any CPU
		{EBA87C4B-3401-4CD1-86D5-5BE747799862}.Debug|Any CPU.ActiveCfg = Debug|Any CPU
		{EBA87C4B-3401-4CD1-86D5-5BE747799862}.Debug|Any CPU.Build.0 = Debug|Any CPU
		{EBA87C4B-3401-4CD1-86D5-5BE747799862}.Release|Any CPU.ActiveCfg = Release|Any CPU
		{EBA87C4B-3401-4CD1-86D5-5BE747799862}.Release|Any CPU.Build.0 = Release|Any CPU
		{F8407B62-5425-4335-A2CA-2C1766070E3A}.Debug|Any CPU.ActiveCfg = Debug|Any CPU
		{F8407B62-5425-4335-A2CA-2C1766070E3A}.Debug|Any CPU.Build.0 = Debug|Any CPU
		{F8407B62-5425-4335-A2CA-2C1766070E3A}.Release|Any CPU.ActiveCfg = Release|Any CPU
		{F8407B62-5425-4335-A2CA-2C1766070E3A}.Release|Any CPU.Build.0 = Release|Any CPU
		{B066A23A-52A9-439B-AD84-23936AB0CF0A}.Debug|Any CPU.ActiveCfg = Debug|Any CPU
		{B066A23A-52A9-439B-AD84-23936AB0CF0A}.Debug|Any CPU.Build.0 = Debug|Any CPU
		{B066A23A-52A9-439B-AD84-23936AB0CF0A}.Release|Any CPU.ActiveCfg = Release|Any CPU
		{B066A23A-52A9-439B-AD84-23936AB0CF0A}.Release|Any CPU.Build.0 = Release|Any CPU
		{3A9677C6-8E86-48BA-BD7D-4BB9146D484A}.Debug|Any CPU.ActiveCfg = Debug|Any CPU
		{3A9677C6-8E86-48BA-BD7D-4BB9146D484A}.Debug|Any CPU.Build.0 = Debug|Any CPU
		{3A9677C6-8E86-48BA-BD7D-4BB9146D484A}.Release|Any CPU.ActiveCfg = Release|Any CPU
		{3A9677C6-8E86-48BA-BD7D-4BB9146D484A}.Release|Any CPU.Build.0 = Release|Any CPU
	EndGlobalSection
	GlobalSection(SolutionProperties) = preSolution
		HideSolutionNode = FALSE
	EndGlobalSection
EndGlobal
